
Microsoft Visual Studio Solution File, Format Version 12.00
# Visual Studio Version 17
VisualStudioVersion = 17.13.35828.75
MinimumVisualStudioVersion = 10.0.40219.1
Project("{2150E333-8FDC-42A3-9474-1A3956D46DE8}") = "src", "src", "{02EA681E-C7D8-13C7-8484-4AC65E1B71E8}"
EndProject
Project("{2150E333-8FDC-42A3-9474-1A3956D46DE8}") = "services", "services", "{3732640A-FDBB-4395-AC5C-65922BFAE951}"
EndProject
Project("{2150E333-8FDC-42A3-9474-1A3956D46DE8}") = "directory", "directory", "{EF9738C4-A114-479A-A4B4-1B304174CAE7}"
EndProject
Project("{FAE04EC0-301F-11D3-BF4B-00C04F79EFBC}") = "DirectoryApi.Presentation", "DirectoryApi\DirectoryApi.Presentation.csproj", "{81037FA4-EED6-4DCC-A5DD-4A1C37240DDC}"
EndProject
Project("{2150E333-8FDC-42A3-9474-1A3956D46DE8}") = "report", "report", "{0B230035-D394-4C0A-ACFF-B92F1A98CA74}"
EndProject
Project("{FAE04EC0-301F-11D3-BF4B-00C04F79EFBC}") = "DirectoryApi.Application", "DirectoryApi.Application\DirectoryApi.Application.csproj", "{4E967824-6D3C-44C9-9651-EECB0FB4C359}"
EndProject
Project("{FAE04EC0-301F-11D3-BF4B-00C04F79EFBC}") = "DirectoryApi.Domain", "DirectoryApi.Domain\DirectoryApi.Domain.csproj", "{50731B41-7C30-464A-8819-7A2AC90F12DD}"
EndProject
Project("{FAE04EC0-301F-11D3-BF4B-00C04F79EFBC}") = "DirectoryApi.Infrastructure", "DirectoryApi.Infrastructure\DirectoryApi.Infrastructure.csproj", "{D7B388BB-EF64-4B3C-A071-302D45A2D582}"
EndProject
Project("{FAE04EC0-301F-11D3-BF4B-00C04F79EFBC}") = "ReportApi.Presentation", "Report\ReportApi.Presentation.csproj", "{2C162D00-0B3E-4F8C-B025-ACCDEE2C8A51}"
EndProject
Project("{FAE04EC0-301F-11D3-BF4B-00C04F79EFBC}") = "ReportApi.Application", "ReportApi.Application\ReportApi.Application.csproj", "{5DE5F57B-43C1-49D7-A08E-DBFA96687FD6}"
EndProject
Project("{FAE04EC0-301F-11D3-BF4B-00C04F79EFBC}") = "ReportApi.Domain", "ReportApi.Domain\ReportApi.Domain.csproj", "{69638984-3D67-4B35-8B29-212507424581}"
EndProject
Project("{FAE04EC0-301F-11D3-BF4B-00C04F79EFBC}") = "ReportApi.Infrastructure", "ReportApi.Infrastructure\ReportApi.Infrastructure.csproj", "{10F2F552-419C-4B1F-A30E-B75C00479EB1}"
EndProject
Project("{FAE04EC0-301F-11D3-BF4B-00C04F79EFBC}") = "DirectoryApi.Test", "DirectoryApi.Test\DirectoryApi.Test.csproj", "{DEC50A80-C6E3-4F75-BC04-3B2EEFDD9506}"
EndProject
Global
	GlobalSection(SolutionConfigurationPlatforms) = preSolution
		Debug|Any CPU = Debug|Any CPU
		Release|Any CPU = Release|Any CPU
	EndGlobalSection
	GlobalSection(ProjectConfigurationPlatforms) = postSolution
		{81037FA4-EED6-4DCC-A5DD-4A1C37240DDC}.Debug|Any CPU.ActiveCfg = Debug|Any CPU
		{81037FA4-EED6-4DCC-A5DD-4A1C37240DDC}.Debug|Any CPU.Build.0 = Debug|Any CPU
		{81037FA4-EED6-4DCC-A5DD-4A1C37240DDC}.Release|Any CPU.ActiveCfg = Release|Any CPU
		{81037FA4-EED6-4DCC-A5DD-4A1C37240DDC}.Release|Any CPU.Build.0 = Release|Any CPU
		{4E967824-6D3C-44C9-9651-EECB0FB4C359}.Debug|Any CPU.ActiveCfg = Debug|Any CPU
		{4E967824-6D3C-44C9-9651-EECB0FB4C359}.Debug|Any CPU.Build.0 = Debug|Any CPU
		{4E967824-6D3C-44C9-9651-EECB0FB4C359}.Release|Any CPU.ActiveCfg = Release|Any CPU
		{4E967824-6D3C-44C9-9651-EECB0FB4C359}.Release|Any CPU.Build.0 = Release|Any CPU
		{50731B41-7C30-464A-8819-7A2AC90F12DD}.Debug|Any CPU.ActiveCfg = Debug|Any CPU
		{50731B41-7C30-464A-8819-7A2AC90F12DD}.Debug|Any CPU.Build.0 = Debug|Any CPU
		{50731B41-7C30-464A-8819-7A2AC90F12DD}.Release|Any CPU.ActiveCfg = Release|Any CPU
		{50731B41-7C30-464A-8819-7A2AC90F12DD}.Release|Any CPU.Build.0 = Release|Any CPU
		{D7B388BB-EF64-4B3C-A071-302D45A2D582}.Debug|Any CPU.ActiveCfg = Debug|Any CPU
		{D7B388BB-EF64-4B3C-A071-302D45A2D582}.Debug|Any CPU.Build.0 = Debug|Any CPU
		{D7B388BB-EF64-4B3C-A071-302D45A2D582}.Release|Any CPU.ActiveCfg = Release|Any CPU
		{D7B388BB-EF64-4B3C-A071-302D45A2D582}.Release|Any CPU.Build.0 = Release|Any CPU
		{2C162D00-0B3E-4F8C-B025-ACCDEE2C8A51}.Debug|Any CPU.ActiveCfg = Debug|Any CPU
		{2C162D00-0B3E-4F8C-B025-ACCDEE2C8A51}.Debug|Any CPU.Build.0 = Debug|Any CPU
		{2C162D00-0B3E-4F8C-B025-ACCDEE2C8A51}.Release|Any CPU.ActiveCfg = Release|Any CPU
		{2C162D00-0B3E-4F8C-B025-ACCDEE2C8A51}.Release|Any CPU.Build.0 = Release|Any CPU
		{5DE5F57B-43C1-49D7-A08E-DBFA96687FD6}.Debug|Any CPU.ActiveCfg = Debug|Any CPU
		{5DE5F57B-43C1-49D7-A08E-DBFA96687FD6}.Debug|Any CPU.Build.0 = Debug|Any CPU
		{5DE5F57B-43C1-49D7-A08E-DBFA96687FD6}.Release|Any CPU.ActiveCfg = Release|Any CPU
		{5DE5F57B-43C1-49D7-A08E-DBFA96687FD6}.Release|Any CPU.Build.0 = Release|Any CPU
		{69638984-3D67-4B35-8B29-212507424581}.Debug|Any CPU.ActiveCfg = Debug|Any CPU
		{69638984-3D67-4B35-8B29-212507424581}.Debug|Any CPU.Build.0 = Debug|Any CPU
		{69638984-3D67-4B35-8B29-212507424581}.Release|Any CPU.ActiveCfg = Release|Any CPU
		{69638984-3D67-4B35-8B29-212507424581}.Release|Any CPU.Build.0 = Release|Any CPU
		{10F2F552-419C-4B1F-A30E-B75C00479EB1}.Debug|Any CPU.ActiveCfg = Debug|Any CPU
		{10F2F552-419C-4B1F-A30E-B75C00479EB1}.Debug|Any CPU.Build.0 = Debug|Any CPU
		{10F2F552-419C-4B1F-A30E-B75C00479EB1}.Release|Any CPU.ActiveCfg = Release|Any CPU
		{10F2F552-419C-4B1F-A30E-B75C00479EB1}.Release|Any CPU.Build.0 = Release|Any CPU
		{DEC50A80-C6E3-4F75-BC04-3B2EEFDD9506}.Debug|Any CPU.ActiveCfg = Debug|Any CPU
		{DEC50A80-C6E3-4F75-BC04-3B2EEFDD9506}.Debug|Any CPU.Build.0 = Debug|Any CPU
		{DEC50A80-C6E3-4F75-BC04-3B2EEFDD9506}.Release|Any CPU.ActiveCfg = Release|Any CPU
		{DEC50A80-C6E3-4F75-BC04-3B2EEFDD9506}.Release|Any CPU.Build.0 = Release|Any CPU
	EndGlobalSection
	GlobalSection(SolutionProperties) = preSolution
		HideSolutionNode = FALSE
	EndGlobalSection
	GlobalSection(NestedProjects) = preSolution
		{3732640A-FDBB-4395-AC5C-65922BFAE951} = {02EA681E-C7D8-13C7-8484-4AC65E1B71E8}
		{EF9738C4-A114-479A-A4B4-1B304174CAE7} = {3732640A-FDBB-4395-AC5C-65922BFAE951}
		{81037FA4-EED6-4DCC-A5DD-4A1C37240DDC} = {EF9738C4-A114-479A-A4B4-1B304174CAE7}
		{0B230035-D394-4C0A-ACFF-B92F1A98CA74} = {3732640A-FDBB-4395-AC5C-65922BFAE951}
		{4E967824-6D3C-44C9-9651-EECB0FB4C359} = {EF9738C4-A114-479A-A4B4-1B304174CAE7}
		{50731B41-7C30-464A-8819-7A2AC90F12DD} = {EF9738C4-A114-479A-A4B4-1B304174CAE7}
		{D7B388BB-EF64-4B3C-A071-302D45A2D582} = {EF9738C4-A114-479A-A4B4-1B304174CAE7}
		{2C162D00-0B3E-4F8C-B025-ACCDEE2C8A51} = {0B230035-D394-4C0A-ACFF-B92F1A98CA74}
		{5DE5F57B-43C1-49D7-A08E-DBFA96687FD6} = {0B230035-D394-4C0A-ACFF-B92F1A98CA74}
		{69638984-3D67-4B35-8B29-212507424581} = {0B230035-D394-4C0A-ACFF-B92F1A98CA74}
		{10F2F552-419C-4B1F-A30E-B75C00479EB1} = {0B230035-D394-4C0A-ACFF-B92F1A98CA74}
		{DEC50A80-C6E3-4F75-BC04-3B2EEFDD9506} = {EF9738C4-A114-479A-A4B4-1B304174CAE7}
	EndGlobalSection
	GlobalSection(ExtensibilityGlobals) = postSolution
		SolutionGuid = {8C54F6E0-7AE2-405B-A1C5-D8D3A663823B}
	EndGlobalSection
EndGlobal
